
Microsoft Visual Studio Solution File, Format Version 12.00
# Visual Studio Version 17
VisualStudioVersion = 17.14.36623.8 d17.14
MinimumVisualStudioVersion = 10.0.40219.1
Project("{FAE04EC0-301F-11D3-BF4B-00C04F79EFBC}") = "ProjetoSOFinal", "ProjetoSOFinal.csproj", "{B9180A1B-0B51-4418-849D-C6BA3DCA4899}"
EndProject
Global
	GlobalSection(SolutionConfigurationPlatforms) = preSolution
		Debug|Any CPU = Debug|Any CPU
		Release|Any CPU = Release|Any CPU
	EndGlobalSection
	GlobalSection(ProjectConfigurationPlatforms) = postSolution
		{B9180A1B-0B51-4418-849D-C6BA3DCA4899}.Debug|Any CPU.ActiveCfg = Debug|Any CPU
		{B9180A1B-0B51-4418-849D-C6BA3DCA4899}.Debug|Any CPU.Build.0 = Debug|Any CPU
		{B9180A1B-0B51-4418-849D-C6BA3DCA4899}.Release|Any CPU.ActiveCfg = Release|Any CPU
		{B9180A1B-0B51-4418-849D-C6BA3DCA4899}.Release|Any CPU.Build.0 = Release|Any CPU
	EndGlobalSection
	GlobalSection(SolutionProperties) = preSolution
		HideSolutionNode = FALSE
	EndGlobalSection
	GlobalSection(ExtensibilityGlobals) = postSolution
		SolutionGuid = {430A5C8C-9FA5-4F83-A839-1250664EB418}
	EndGlobalSection
EndGlobal
